
Microsoft Visual Studio Solution File, Format Version 12.00
# Visual Studio Version 17
VisualStudioVersion = 17.4.33213.308
MinimumVisualStudioVersion = 10.0.40219.1
Project("{FAE04EC0-301F-11D3-BF4B-00C04F79EFBC}") = "mis-421-assignment-2-jquery-and-ajax-scelkins", "mis-421-assignment-2-jquery-and-ajax-scelkins.csproj", "{177CB263-0DC9-4063-A52C-23F8A3D22AFF}"
EndProject
Global
	GlobalSection(SolutionConfigurationPlatforms) = preSolution
		Debug|Any CPU = Debug|Any CPU
		Release|Any CPU = Release|Any CPU
	EndGlobalSection
	GlobalSection(ProjectConfigurationPlatforms) = postSolution
		{177CB263-0DC9-4063-A52C-23F8A3D22AFF}.Debug|Any CPU.ActiveCfg = Debug|Any CPU
		{177CB263-0DC9-4063-A52C-23F8A3D22AFF}.Debug|Any CPU.Build.0 = Debug|Any CPU
		{177CB263-0DC9-4063-A52C-23F8A3D22AFF}.Release|Any CPU.ActiveCfg = Release|Any CPU
		{177CB263-0DC9-4063-A52C-23F8A3D22AFF}.Release|Any CPU.Build.0 = Release|Any CPU
	EndGlobalSection
	GlobalSection(SolutionProperties) = preSolution
		HideSolutionNode = FALSE
	EndGlobalSection
	GlobalSection(ExtensibilityGlobals) = postSolution
		SolutionGuid = {87AAA035-9BA2-46BE-9106-34C0AF87C528}
	EndGlobalSection
EndGlobal
